
Microsoft Visual Studio Solution File, Format Version 12.00
# Visual Studio Version 17
VisualStudioVersion = 17.12.35707.178
MinimumVisualStudioVersion = 10.0.40219.1
Project("{FAE04EC0-301F-11D3-BF4B-00C04F79EFBC}") = "VideoBatchApp", "VideoBatchApp\VideoBatchApp.csproj", "{BFFEB2A8-21D9-4211-B624-3ABD64F5591F}"
EndProject
Project("{FAE04EC0-301F-11D3-BF4B-00C04F79EFBC}") = "VideoBatch.Model", "VideoBatch.Model\VideoBatch.Model.csproj", "{31E579EC-2A9F-4B49-995D-8C62DA6D2B65}"
EndProject
Project("{FAE04EC0-301F-11D3-BF4B-00C04F79EFBC}") = "AcrylicUI", "..\AcrylicUI\AcrylicUI\AcrylicUI.csproj", "{9325DD86-8DB3-465C-AA80-9101CAA4BBC8}"
EndProject
Project("{FAE04EC0-301F-11D3-BF4B-00C04F79EFBC}") = "VideoBatch.Services", "VideoBatch.Services\VideoBatch.Services.csproj", "{2E0C988F-0AAD-4F83-BE0D-C5CF3962A364}"
EndProject
Project("{FAE04EC0-301F-11D3-BF4B-00C04F79EFBC}") = "VideoBatch.Tasks.Interfaces", "VideoBatch.Tasks.Interfaces\VideoBatch.Tasks.Interfaces.csproj", "{CBFDA5BD-7BF5-4B90-A37B-931BA927AEE9}"
EndProject
Project("{FAE04EC0-301F-11D3-BF4B-00C04F79EFBC}") = "VideoBatch.Tasks.SampleLog", "VideoBatch.Tasks.SampleLog\VideoBatch.Tasks.SampleLog.csproj", "{76CACC31-D5DE-4E12-84C6-C1942732C678}"
EndProject
Global
	GlobalSection(SolutionConfigurationPlatforms) = preSolution
		Debug|Any CPU = Debug|Any CPU
		Release|Any CPU = Release|Any CPU
	EndGlobalSection
	GlobalSection(ProjectConfigurationPlatforms) = postSolution
		{BFFEB2A8-21D9-4211-B624-3ABD64F5591F}.Debug|Any CPU.ActiveCfg = Debug|Any CPU
		{BFFEB2A8-21D9-4211-B624-3ABD64F5591F}.Debug|Any CPU.Build.0 = Debug|Any CPU
		{BFFEB2A8-21D9-4211-B624-3ABD64F5591F}.Release|Any CPU.ActiveCfg = Release|Any CPU
		{BFFEB2A8-21D9-4211-B624-3ABD64F5591F}.Release|Any CPU.Build.0 = Release|Any CPU
		{31E579EC-2A9F-4B49-995D-8C62DA6D2B65}.Debug|Any CPU.ActiveCfg = Debug|Any CPU
		{31E579EC-2A9F-4B49-995D-8C62DA6D2B65}.Debug|Any CPU.Build.0 = Debug|Any CPU
		{31E579EC-2A9F-4B49-995D-8C62DA6D2B65}.Release|Any CPU.ActiveCfg = Release|Any CPU
		{31E579EC-2A9F-4B49-995D-8C62DA6D2B65}.Release|Any CPU.Build.0 = Release|Any CPU
		{9325DD86-8DB3-465C-AA80-9101CAA4BBC8}.Debug|Any CPU.ActiveCfg = Debug|Any CPU
		{9325DD86-8DB3-465C-AA80-9101CAA4BBC8}.Debug|Any CPU.Build.0 = Debug|Any CPU
		{9325DD86-8DB3-465C-AA80-9101CAA4BBC8}.Release|Any CPU.ActiveCfg = Release|Any CPU
		{9325DD86-8DB3-465C-AA80-9101CAA4BBC8}.Release|Any CPU.Build.0 = Release|Any CPU
		{2E0C988F-0AAD-4F83-BE0D-C5CF3962A364}.Debug|Any CPU.ActiveCfg = Debug|Any CPU
		{2E0C988F-0AAD-4F83-BE0D-C5CF3962A364}.Debug|Any CPU.Build.0 = Debug|Any CPU
		{2E0C988F-0AAD-4F83-BE0D-C5CF3962A364}.Release|Any CPU.ActiveCfg = Release|Any CPU
		{2E0C988F-0AAD-4F83-BE0D-C5CF3962A364}.Release|Any CPU.Build.0 = Release|Any CPU
		{CBFDA5BD-7BF5-4B90-A37B-931BA927AEE9}.Debug|Any CPU.ActiveCfg = Debug|Any CPU
		{CBFDA5BD-7BF5-4B90-A37B-931BA927AEE9}.Debug|Any CPU.Build.0 = Debug|Any CPU
		{CBFDA5BD-7BF5-4B90-A37B-931BA927AEE9}.Release|Any CPU.ActiveCfg = Release|Any CPU
		{CBFDA5BD-7BF5-4B90-A37B-931BA927AEE9}.Release|Any CPU.Build.0 = Release|Any CPU
		{76CACC31-D5DE-4E12-84C6-C1942732C678}.Debug|Any CPU.ActiveCfg = Debug|Any CPU
		{76CACC31-D5DE-4E12-84C6-C1942732C678}.Debug|Any CPU.Build.0 = Debug|Any CPU
		{76CACC31-D5DE-4E12-84C6-C1942732C678}.Release|Any CPU.ActiveCfg = Release|Any CPU
		{76CACC31-D5DE-4E12-84C6-C1942732C678}.Release|Any CPU.Build.0 = Release|Any CPU
	EndGlobalSection
	GlobalSection(SolutionProperties) = preSolution
		HideSolutionNode = FALSE
	EndGlobalSection
EndGlobal
